// !$*UTF8*$!
{
	archiveVersion = 1;
	classes = {
	};
	objectVersion = 46;
	objects = {

/* Begin PBXBuildFile section */
		488F28301D27AA5D006C3E95 /* AppDelegate.swift in Sources */ = {isa = PBXBuildFile; fileRef = 488F282F1D27AA5D006C3E95 /* AppDelegate.swift */; };
		488F28321D27AA5D006C3E95 /* ViewController.swift in Sources */ = {isa = PBXBuildFile; fileRef = 488F28311D27AA5D006C3E95 /* ViewController.swift */; };
		488F28351D27AA5D006C3E95 /* Main.storyboard in Resources */ = {isa = PBXBuildFile; fileRef = 488F28331D27AA5D006C3E95 /* Main.storyboard */; };
		488F28381D27AA5D006C3E95 /* iMRT_Taipei.xcdatamodeld in Sources */ = {isa = PBXBuildFile; fileRef = 488F28361D27AA5D006C3E95 /* iMRT_Taipei.xcdatamodeld */; };
		488F283A1D27AA5D006C3E95 /* Assets.xcassets in Resources */ = {isa = PBXBuildFile; fileRef = 488F28391D27AA5D006C3E95 /* Assets.xcassets */; };
		488F283D1D27AA5D006C3E95 /* LaunchScreen.storyboard in Resources */ = {isa = PBXBuildFile; fileRef = 488F283B1D27AA5D006C3E95 /* LaunchScreen.storyboard */; };
		488F28481D27AA5E006C3E95 /* iMRT_TaipeiTests.swift in Sources */ = {isa = PBXBuildFile; fileRef = 488F28471D27AA5E006C3E95 /* iMRT_TaipeiTests.swift */; };
		488F28531D27AA5E006C3E95 /* iMRT_TaipeiUITests.swift in Sources */ = {isa = PBXBuildFile; fileRef = 488F28521D27AA5E006C3E95 /* iMRT_TaipeiUITests.swift */; };
/* End PBXBuildFile section */

/* Begin PBXContainerItemProxy section */
		488F28441D27AA5E006C3E95 /* PBXContainerItemProxy */ = {
			isa = PBXContainerItemProxy;
			containerPortal = 488F28241D27AA5D006C3E95 /* Project object */;
			proxyType = 1;
			remoteGlobalIDString = 488F282B1D27AA5D006C3E95;
			remoteInfo = "iMRT Taipei";
		};
		488F284F1D27AA5E006C3E95 /* PBXContainerItemProxy */ = {
			isa = PBXContainerItemProxy;
			containerPortal = 488F28241D27AA5D006C3E95 /* Project object */;
			proxyType = 1;
			remoteGlobalIDString = 488F282B1D27AA5D006C3E95;
			remoteInfo = "iMRT Taipei";
		};
/* End PBXContainerItemProxy section */

/* Begin PBXFileReference section */
		488F282C1D27AA5D006C3E95 /* iMRT Taipei.app */ = {isa = PBXFileReference; explicitFileType = wrapper.application; includeInIndex = 0; path = "iMRT Taipei.app"; sourceTree = BUILT_PRODUCTS_DIR; };
		488F282F1D27AA5D006C3E95 /* AppDelegate.swift */ = {isa = PBXFileReference; lastKnownFileType = sourcecode.swift; path = AppDelegate.swift; sourceTree = "<group>"; };
		488F28311D27AA5D006C3E95 /* ViewController.swift */ = {isa = PBXFileReference; lastKnownFileType = sourcecode.swift; path = ViewController.swift; sourceTree = "<group>"; };
		488F28341D27AA5D006C3E95 /* Base */ = {isa = PBXFileReference; lastKnownFileType = file.storyboard; name = Base; path = Base.lproj/Main.storyboard; sourceTree = "<group>"; };
		488F28371D27AA5D006C3E95 /* iMRT_Taipei.xcdatamodel */ = {isa = PBXFileReference; lastKnownFileType = wrapper.xcdatamodel; path = iMRT_Taipei.xcdatamodel; sourceTree = "<group>"; };
		488F28391D27AA5D006C3E95 /* Assets.xcassets */ = {isa = PBXFileReference; lastKnownFileType = folder.assetcatalog; path = Assets.xcassets; sourceTree = "<group>"; };
		488F283C1D27AA5D006C3E95 /* Base */ = {isa = PBXFileReference; lastKnownFileType = file.storyboard; name = Base; path = Base.lproj/LaunchScreen.storyboard; sourceTree = "<group>"; };
		488F283E1D27AA5D006C3E95 /* Info.plist */ = {isa = PBXFileReference; lastKnownFileType = text.plist.xml; path = Info.plist; sourceTree = "<group>"; };
		488F28431D27AA5E006C3E95 /* iMRT TaipeiTests.xctest */ = {isa = PBXFileReference; explicitFileType = wrapper.cfbundle; includeInIndex = 0; path = "iMRT TaipeiTests.xctest"; sourceTree = BUILT_PRODUCTS_DIR; };
		488F28471D27AA5E006C3E95 /* iMRT_TaipeiTests.swift */ = {isa = PBXFileReference; lastKnownFileType = sourcecode.swift; path = iMRT_TaipeiTests.swift; sourceTree = "<group>"; };
		488F28491D27AA5E006C3E95 /* Info.plist */ = {isa = PBXFileReference; lastKnownFileType = text.plist.xml; path = Info.plist; sourceTree = "<group>"; };
		488F284E1D27AA5E006C3E95 /* iMRT TaipeiUITests.xctest */ = {isa = PBXFileReference; explicitFileType = wrapper.cfbundle; includeInIndex = 0; path = "iMRT TaipeiUITests.xctest"; sourceTree = BUILT_PRODUCTS_DIR; };
		488F28521D27AA5E006C3E95 /* iMRT_TaipeiUITests.swift */ = {isa = PBXFileReference; lastKnownFileType = sourcecode.swift; path = iMRT_TaipeiUITests.swift; sourceTree = "<group>"; };
		488F28541D27AA5E006C3E95 /* Info.plist */ = {isa = PBXFileReference; lastKnownFileType = text.plist.xml; path = Info.plist; sourceTree = "<group>"; };
/* End PBXFileReference section */

/* Begin PBXFrameworksBuildPhase section */
		488F28291D27AA5D006C3E95 /* Frameworks */ = {
			isa = PBXFrameworksBuildPhase;
			buildActionMask = 2147483647;
			files = (
			);
			runOnlyForDeploymentPostprocessing = 0;
		};
		488F28401D27AA5E006C3E95 /* Frameworks */ = {
			isa = PBXFrameworksBuildPhase;
			buildActionMask = 2147483647;
			files = (
			);
			runOnlyForDeploymentPostprocessing = 0;
		};
		488F284B1D27AA5E006C3E95 /* Frameworks */ = {
			isa = PBXFrameworksBuildPhase;
			buildActionMask = 2147483647;
			files = (
			);
			runOnlyForDeploymentPostprocessing = 0;
		};
/* End PBXFrameworksBuildPhase section */

/* Begin PBXGroup section */
		488F28231D27AA5D006C3E95 = {
			isa = PBXGroup;
			children = (
				488F282E1D27AA5D006C3E95 /* iMRT Taipei */,
				488F28461D27AA5E006C3E95 /* iMRT TaipeiTests */,
				488F28511D27AA5E006C3E95 /* iMRT TaipeiUITests */,
				488F282D1D27AA5D006C3E95 /* Products */,
			);
			sourceTree = "<group>";
		};
		488F282D1D27AA5D006C3E95 /* Products */ = {
			isa = PBXGroup;
			children = (
				488F282C1D27AA5D006C3E95 /* iMRT Taipei.app */,
				488F28431D27AA5E006C3E95 /* iMRT TaipeiTests.xctest */,
				488F284E1D27AA5E006C3E95 /* iMRT TaipeiUITests.xctest */,
			);
			name = Products;
			sourceTree = "<group>";
		};
		488F282E1D27AA5D006C3E95 /* iMRT Taipei */ = {
			isa = PBXGroup;
			children = (
				488F282F1D27AA5D006C3E95 /* AppDelegate.swift */,
				488F28311D27AA5D006C3E95 /* ViewController.swift */,
				488F28331D27AA5D006C3E95 /* Main.storyboard */,
				488F28391D27AA5D006C3E95 /* Assets.xcassets */,
				488F283B1D27AA5D006C3E95 /* LaunchScreen.storyboard */,
				488F283E1D27AA5D006C3E95 /* Info.plist */,
				488F28361D27AA5D006C3E95 /* iMRT_Taipei.xcdatamodeld */,
			);
			path = "iMRT Taipei";
			sourceTree = "<group>";
		};
		488F28461D27AA5E006C3E95 /* iMRT TaipeiTests */ = {
			isa = PBXGroup;
			children = (
				488F28471D27AA5E006C3E95 /* iMRT_TaipeiTests.swift */,
				488F28491D27AA5E006C3E95 /* Info.plist */,
			);
			path = "iMRT TaipeiTests";
			sourceTree = "<group>";
		};
		488F28511D27AA5E006C3E95 /* iMRT TaipeiUITests */ = {
			isa = PBXGroup;
			children = (
				488F28521D27AA5E006C3E95 /* iMRT_TaipeiUITests.swift */,
				488F28541D27AA5E006C3E95 /* Info.plist */,
			);
			path = "iMRT TaipeiUITests";
			sourceTree = "<group>";
		};
/* End PBXGroup section */

/* Begin PBXNativeTarget section */
		488F282B1D27AA5D006C3E95 /* iMRT Taipei */ = {
			isa = PBXNativeTarget;
			buildConfigurationList = 488F28571D27AA5E006C3E95 /* Build configuration list for PBXNativeTarget "iMRT Taipei" */;
			buildPhases = (
				488F28281D27AA5D006C3E95 /* Sources */,
				488F28291D27AA5D006C3E95 /* Frameworks */,
				488F282A1D27AA5D006C3E95 /* Resources */,
			);
			buildRules = (
			);
			dependencies = (
			);
			name = "iMRT Taipei";
			productName = "iMRT Taipei";
			productReference = 488F282C1D27AA5D006C3E95 /* iMRT Taipei.app */;
			productType = "com.apple.product-type.application";
		};
		488F28421D27AA5E006C3E95 /* iMRT TaipeiTests */ = {
			isa = PBXNativeTarget;
			buildConfigurationList = 488F285A1D27AA5E006C3E95 /* Build configuration list for PBXNativeTarget "iMRT TaipeiTests" */;
			buildPhases = (
				488F283F1D27AA5E006C3E95 /* Sources */,
				488F28401D27AA5E006C3E95 /* Frameworks */,
				488F28411D27AA5E006C3E95 /* Resources */,
			);
			buildRules = (
			);
			dependencies = (
				488F28451D27AA5E006C3E95 /* PBXTargetDependency */,
			);
			name = "iMRT TaipeiTests";
			productName = "iMRT TaipeiTests";
			productReference = 488F28431D27AA5E006C3E95 /* iMRT TaipeiTests.xctest */;
			productType = "com.apple.product-type.bundle.unit-test";
		};
		488F284D1D27AA5E006C3E95 /* iMRT TaipeiUITests */ = {
			isa = PBXNativeTarget;
			buildConfigurationList = 488F285D1D27AA5E006C3E95 /* Build configuration list for PBXNativeTarget "iMRT TaipeiUITests" */;
			buildPhases = (
				488F284A1D27AA5E006C3E95 /* Sources */,
				488F284B1D27AA5E006C3E95 /* Frameworks */,
				488F284C1D27AA5E006C3E95 /* Resources */,
			);
			buildRules = (
			);
			dependencies = (
				488F28501D27AA5E006C3E95 /* PBXTargetDependency */,
			);
			name = "iMRT TaipeiUITests";
			productName = "iMRT TaipeiUITests";
			productReference = 488F284E1D27AA5E006C3E95 /* iMRT TaipeiUITests.xctest */;
			productType = "com.apple.product-type.bundle.ui-testing";
		};
/* End PBXNativeTarget section */

/* Begin PBXProject section */
		488F28241D27AA5D006C3E95 /* Project object */ = {
			isa = PBXProject;
			attributes = {
				LastSwiftUpdateCheck = 0730;
				LastUpgradeCheck = 0730;
				ORGANIZATIONNAME = LarryStanley;
				TargetAttributes = {
					488F282B1D27AA5D006C3E95 = {
						CreatedOnToolsVersion = 7.3.1;
					};
					488F28421D27AA5E006C3E95 = {
						CreatedOnToolsVersion = 7.3.1;
						TestTargetID = 488F282B1D27AA5D006C3E95;
					};
					488F284D1D27AA5E006C3E95 = {
						CreatedOnToolsVersion = 7.3.1;
						TestTargetID = 488F282B1D27AA5D006C3E95;
					};
				};
			};
			buildConfigurationList = 488F28271D27AA5D006C3E95 /* Build configuration list for PBXProject "iMRT Taipei" */;
			compatibilityVersion = "Xcode 3.2";
			developmentRegion = English;
			hasScannedForEncodings = 0;
			knownRegions = (
				en,
				Base,
			);
			mainGroup = 488F28231D27AA5D006C3E95;
			productRefGroup = 488F282D1D27AA5D006C3E95 /* Products */;
			projectDirPath = "";
			projectRoot = "";
			targets = (
				488F282B1D27AA5D006C3E95 /* iMRT Taipei */,
				488F28421D27AA5E006C3E95 /* iMRT TaipeiTests */,
				488F284D1D27AA5E006C3E95 /* iMRT TaipeiUITests */,
			);
		};
/* End PBXProject section */

/* Begin PBXResourcesBuildPhase section */
		488F282A1D27AA5D006C3E95 /* Resources */ = {
			isa = PBXResourcesBuildPhase;
			buildActionMask = 2147483647;
			files = (
				488F283D1D27AA5D006C3E95 /* LaunchScreen.storyboard in Resources */,
				488F283A1D27AA5D006C3E95 /* Assets.xcassets in Resources */,
				488F28351D27AA5D006C3E95 /* Main.storyboard in Resources */,
			);
			runOnlyForDeploymentPostprocessing = 0;
		};
		488F28411D27AA5E006C3E95 /* Resources */ = {
			isa = PBXResourcesBuildPhase;
			buildActionMask = 2147483647;
			files = (
			);
			runOnlyForDeploymentPostprocessing = 0;
		};
		488F284C1D27AA5E006C3E95 /* Resources */ = {
			isa = PBXResourcesBuildPhase;
			buildActionMask = 2147483647;
			files = (
			);
			runOnlyForDeploymentPostprocessing = 0;
		};
/* End PBXResourcesBuildPhase section */

/* Begin PBXSourcesBuildPhase section */
		488F28281D27AA5D006C3E95 /* Sources */ = {
			isa = PBXSourcesBuildPhase;
			buildActionMask = 2147483647;
			files = (
				488F28381D27AA5D006C3E95 /* iMRT_Taipei.xcdatamodeld in Sources */,
				488F28321D27AA5D006C3E95 /* ViewController.swift in Sources */,
				488F28301D27AA5D006C3E95 /* AppDelegate.swift in Sources */,
			);
			runOnlyForDeploymentPostprocessing = 0;
		};
		488F283F1D27AA5E006C3E95 /* Sources */ = {
			isa = PBXSourcesBuildPhase;
			buildActionMask = 2147483647;
			files = (
				488F28481D27AA5E006C3E95 /* iMRT_TaipeiTests.swift in Sources */,
			);
			runOnlyForDeploymentPostprocessing = 0;
		};
		488F284A1D27AA5E006C3E95 /* Sources */ = {
			isa = PBXSourcesBuildPhase;
			buildActionMask = 2147483647;
			files = (
				488F28531D27AA5E006C3E95 /* iMRT_TaipeiUITests.swift in Sources */,
			);
			runOnlyForDeploymentPostprocessing = 0;
		};
/* End PBXSourcesBuildPhase section */

/* Begin PBXTargetDependency section */
		488F28451D27AA5E006C3E95 /* PBXTargetDependency */ = {
			isa = PBXTargetDependency;
			target = 488F282B1D27AA5D006C3E95 /* iMRT Taipei */;
			targetProxy = 488F28441D27AA5E006C3E95 /* PBXContainerItemProxy */;
		};
		488F28501D27AA5E006C3E95 /* PBXTargetDependency */ = {
			isa = PBXTargetDependency;
			target = 488F282B1D27AA5D006C3E95 /* iMRT Taipei */;
			targetProxy = 488F284F1D27AA5E006C3E95 /* PBXContainerItemProxy */;
		};
/* End PBXTargetDependency section */

/* Begin PBXVariantGroup section */
		488F28331D27AA5D006C3E95 /* Main.storyboard */ = {
			isa = PBXVariantGroup;
			children = (
				488F28341D27AA5D006C3E95 /* Base */,
			);
			name = Main.storyboard;
			sourceTree = "<group>";
		};
		488F283B1D27AA5D006C3E95 /* LaunchScreen.storyboard */ = {
			isa = PBXVariantGroup;
			children = (
				488F283C1D27AA5D006C3E95 /* Base */,
			);
			name = LaunchScreen.storyboard;
			sourceTree = "<group>";
		};
/* End PBXVariantGroup section */

/* Begin XCBuildConfiguration section */
		488F28551D27AA5E006C3E95 /* Debug */ = {
			isa = XCBuildConfiguration;
			buildSettings = {
				ALWAYS_SEARCH_USER_PATHS = NO;
				CLANG_ANALYZER_NONNULL = YES;
				CLANG_CXX_LANGUAGE_STANDARD = "gnu++0x";
				CLANG_CXX_LIBRARY = "libc++";
				CLANG_ENABLE_MODULES = YES;
				CLANG_ENABLE_OBJC_ARC = YES;
				CLANG_WARN_BOOL_CONVERSION = YES;
				CLANG_WARN_CONSTANT_CONVERSION = YES;
				CLANG_WARN_DIRECT_OBJC_ISA_USAGE = YES_ERROR;
				CLANG_WARN_EMPTY_BODY = YES;
				CLANG_WARN_ENUM_CONVERSION = YES;
				CLANG_WARN_INT_CONVERSION = YES;
				CLANG_WARN_OBJC_ROOT_CLASS = YES_ERROR;
				CLANG_WARN_UNREACHABLE_CODE = YES;
				CLANG_WARN__DUPLICATE_METHOD_MATCH = YES;
				"CODE_SIGN_IDENTITY[sdk=iphoneos*]" = "iPhone Developer";
				COPY_PHASE_STRIP = NO;
				DEBUG_INFORMATION_FORMAT = dwarf;
				ENABLE_STRICT_OBJC_MSGSEND = YES;
				ENABLE_TESTABILITY = YES;
				GCC_C_LANGUAGE_STANDARD = gnu99;
				GCC_DYNAMIC_NO_PIC = NO;
				GCC_NO_COMMON_BLOCKS = YES;
				GCC_OPTIMIZATION_LEVEL = 0;
				GCC_PREPROCESSOR_DEFINITIONS = (
					"DEBUG=1",
					"$(inherited)",
				);
				GCC_WARN_64_TO_32_BIT_CONVERSION = YES;
				GCC_WARN_ABOUT_RETURN_TYPE = YES_ERROR;
				GCC_WARN_UNDECLARED_SELECTOR = YES;
				GCC_WARN_UNINITIALIZED_AUTOS = YES_AGGRESSIVE;
				GCC_WARN_UNUSED_FUNCTION = YES;
				GCC_WARN_UNUSED_VARIABLE = YES;
				IPHONEOS_DEPLOYMENT_TARGET = 9.3;
				MTL_ENABLE_DEBUG_INFO = YES;
				ONLY_ACTIVE_ARCH = YES;
				SDKROOT = iphoneos;
				SWIFT_OPTIMIZATION_LEVEL = "-Onone";
				TARGETED_DEVICE_FAMILY = "1,2";
			};
			name = Debug;
		};
		488F28561D27AA5E006C3E95 /* Release */ = {
			isa = XCBuildConfiguration;
			buildSettings = {
				ALWAYS_SEARCH_USER_PATHS = NO;
				CLANG_ANALYZER_NONNULL = YES;
				CLANG_CXX_LANGUAGE_STANDARD = "gnu++0x";
				CLANG_CXX_LIBRARY = "libc++";
				CLANG_ENABLE_MODULES = YES;
				CLANG_ENABLE_OBJC_ARC = YES;
				CLANG_WARN_BOOL_CONVERSION = YES;
				CLANG_WARN_CONSTANT_CONVERSION = YES;
				CLANG_WARN_DIRECT_OBJC_ISA_USAGE = YES_ERROR;
				CLANG_WARN_EMPTY_BODY = YES;
				CLANG_WARN_ENUM_CONVERSION = YES;
				CLANG_WARN_INT_CONVERSION = YES;
				CLANG_WARN_OBJC_ROOT_CLASS = YES_ERROR;
				CLANG_WARN_UNREACHABLE_CODE = YES;
				CLANG_WARN__DUPLICATE_METHOD_MATCH = YES;
				"CODE_SIGN_IDENTITY[sdk=iphoneos*]" = "iPhone Developer";
				COPY_PHASE_STRIP = NO;
				DEBUG_INFORMATION_FORMAT = "dwarf-with-dsym";
				ENABLE_NS_ASSERTIONS = NO;
				ENABLE_STRICT_OBJC_MSGSEND = YES;
				GCC_C_LANGUAGE_STANDARD = gnu99;
				GCC_NO_COMMON_BLOCKS = YES;
				GCC_WARN_64_TO_32_BIT_CONVERSION = YES;
				GCC_WARN_ABOUT_RETURN_TYPE = YES_ERROR;
				GCC_WARN_UNDECLARED_SELECTOR = YES;
				GCC_WARN_UNINITIALIZED_AUTOS = YES_AGGRESSIVE;
				GCC_WARN_UNUSED_FUNCTION = YES;
				GCC_WARN_UNUSED_VARIABLE = YES;
				IPHONEOS_DEPLOYMENT_TARGET = 9.3;
				MTL_ENABLE_DEBUG_INFO = NO;
				SDKROOT = iphoneos;
				TARGETED_DEVICE_FAMILY = "1,2";
				VALIDATE_PRODUCT = YES;
			};
			name = Release;
		};
		488F28581D27AA5E006C3E95 /* Debug */ = {
			isa = XCBuildConfiguration;
			buildSettings = {
				ASSETCATALOG_COMPILER_APPICON_NAME = AppIcon;
				INFOPLIST_FILE = "iMRT Taipei/Info.plist";
				LD_RUNPATH_SEARCH_PATHS = "$(inherited) @executable_path/Frameworks";
				PRODUCT_BUNDLE_IDENTIFIER = "LarryStanley-Studio.iMRT-Taipei";
				PRODUCT_NAME = "$(TARGET_NAME)";
			};
			name = Debug;
		};
		488F28591D27AA5E006C3E95 /* Release */ = {
			isa = XCBuildConfiguration;
			buildSettings = {
				ASSETCATALOG_COMPILER_APPICON_NAME = AppIcon;
				INFOPLIST_FILE = "iMRT Taipei/Info.plist";
				LD_RUNPATH_SEARCH_PATHS = "$(inherited) @executable_path/Frameworks";
				PRODUCT_BUNDLE_IDENTIFIER = "LarryStanley-Studio.iMRT-Taipei";
				PRODUCT_NAME = "$(TARGET_NAME)";
			};
			name = Release;
		};
		488F285B1D27AA5E006C3E95 /* Debug */ = {
			isa = XCBuildConfiguration;
			buildSettings = {
				BUNDLE_LOADER = "$(TEST_HOST)";
				INFOPLIST_FILE = "iMRT TaipeiTests/Info.plist";
				LD_RUNPATH_SEARCH_PATHS = "$(inherited) @executable_path/Frameworks @loader_path/Frameworks";
				PRODUCT_BUNDLE_IDENTIFIER = "LarryStanley-Studio.iMRT-TaipeiTests";
				PRODUCT_NAME = "$(TARGET_NAME)";
				TEST_HOST = "$(BUILT_PRODUCTS_DIR)/iMRT Taipei.app/iMRT Taipei";
			};
			name = Debug;
		};
		488F285C1D27AA5E006C3E95 /* Release */ = {
			isa = XCBuildConfiguration;
			buildSettings = {
				BUNDLE_LOADER = "$(TEST_HOST)";
				INFOPLIST_FILE = "iMRT TaipeiTests/Info.plist";
				LD_RUNPATH_SEARCH_PATHS = "$(inherited) @executable_path/Frameworks @loader_path/Frameworks";
				PRODUCT_BUNDLE_IDENTIFIER = "LarryStanley-Studio.iMRT-TaipeiTests";
				PRODUCT_NAME = "$(TARGET_NAME)";
				TEST_HOST = "$(BUILT_PRODUCTS_DIR)/iMRT Taipei.app/iMRT Taipei";
			};
			name = Release;
		};
		488F285E1D27AA5E006C3E95 /* Debug */ = {
			isa = XCBuildConfiguration;
			buildSettings = {
				INFOPLIST_FILE = "iMRT TaipeiUITests/Info.plist";
				LD_RUNPATH_SEARCH_PATHS = "$(inherited) @executable_path/Frameworks @loader_path/Frameworks";
				PRODUCT_BUNDLE_IDENTIFIER = "LarryStanley-Studio.iMRT-TaipeiUITests";
				PRODUCT_NAME = "$(TARGET_NAME)";
				TEST_TARGET_NAME = "iMRT Taipei";
			};
			name = Debug;
		};
		488F285F1D27AA5E006C3E95 /* Release */ = {
			isa = XCBuildConfiguration;
			buildSettings = {
				INFOPLIST_FILE = "iMRT TaipeiUITests/Info.plist";
				LD_RUNPATH_SEARCH_PATHS = "$(inherited) @executable_path/Frameworks @loader_path/Frameworks";
				PRODUCT_BUNDLE_IDENTIFIER = "LarryStanley-Studio.iMRT-TaipeiUITests";
				PRODUCT_NAME = "$(TARGET_NAME)";
				TEST_TARGET_NAME = "iMRT Taipei";
			};
			name = Release;
		};
/* End XCBuildConfiguration section */

/* Begin XCConfigurationList section */
		488F28271D27AA5D006C3E95 /* Build configuration list for PBXProject "iMRT Taipei" */ = {
			isa = XCConfigurationList;
			buildConfigurations = (
				488F28551D27AA5E006C3E95 /* Debug */,
				488F28561D27AA5E006C3E95 /* Release */,
			);
			defaultConfigurationIsVisible = 0;
			defaultConfigurationName = Release;
		};
		488F28571D27AA5E006C3E95 /* Build configuration list for PBXNativeTarget "iMRT Taipei" */ = {
			isa = XCConfigurationList;
			buildConfigurations = (
				488F28581D27AA5E006C3E95 /* Debug */,
				488F28591D27AA5E006C3E95 /* Release */,
			);
			defaultConfigurationIsVisible = 0;
		};
		488F285A1D27AA5E006C3E95 /* Build configuration list for PBXNativeTarget "iMRT TaipeiTests" */ = {
			isa = XCConfigurationList;
			buildConfigurations = (
				488F285B1D27AA5E006C3E95 /* Debug */,
				488F285C1D27AA5E006C3E95 /* Release */,
			);
			defaultConfigurationIsVisible = 0;
		};
		488F285D1D27AA5E006C3E95 /* Build configuration list for PBXNativeTarget "iMRT TaipeiUITests" */ = {
			isa = XCConfigurationList;
			buildConfigurations = (
				488F285E1D27AA5E006C3E95 /* Debug */,
				488F285F1D27AA5E006C3E95 /* Release */,
			);
			defaultConfigurationIsVisible = 0;
		};
/* End XCConfigurationList section */

/* Begin XCVersionGroup section */
		488F28361D27AA5D006C3E95 /* iMRT_Taipei.xcdatamodeld */ = {
			isa = XCVersionGroup;
			children = (
				488F28371D27AA5D006C3E95 /* iMRT_Taipei.xcdatamodel */,
			);
			currentVersion = 488F28371D27AA5D006C3E95 /* iMRT_Taipei.xcdatamodel */;
			path = iMRT_Taipei.xcdatamodeld;
			sourceTree = "<group>";
			versionGroupType = wrapper.xcdatamodel;
		};
/* End XCVersionGroup section */
	};
	rootObject = 488F28241D27AA5D006C3E95 /* Project object */;
}
